{
  "nodes": {
    "fenix": {
      "inputs": {
        "nixpkgs": [
          "nixpkgs"
        ],
        "rust-analyzer-src": "rust-analyzer-src"
      },
      "locked": {
        "lastModified": 1700168984,
        "narHash": "sha256-UNmF2QztmHuQFAE82v3udcywBZ1mcUI4VaRa4IeEhOM=",
        "owner": "nix-community",
        "repo": "fenix",
        "rev": "27436e5be74a7ca3df796b1a82f37f8ba1388e01",
        "type": "github"
      },
      "original": {
        "owner": "nix-community",
        "repo": "fenix",
        "type": "github"
      }
    },
    "home-manager": {
      "inputs": {
        "nixpkgs": [
          "nixpkgs"
        ]
      },
      "locked": {
        "lastModified": 1699368917,
        "narHash": "sha256-nUtGIWf86BOkUbtksWtfglvCZ/otP0FTZlQH8Rzc7PA=",
        "owner": "nix-community",
        "repo": "home-manager",
        "rev": "6a8444467c83c961e2f5ff64fb4f422e303c98d3",
        "type": "github"
      },
      "original": {
        "owner": "nix-community",
        "repo": "home-manager",
        "type": "github"
      }
    },
    "nixpkgs": {
      "locked": {
        "lastModified": 1699099776,
        "narHash": "sha256-X09iKJ27mGsGambGfkKzqvw5esP1L/Rf8H3u3fCqIiU=",
        "owner": "nixos",
        "repo": "nixpkgs",
        "rev": "85f1ba3e51676fa8cc604a3d863d729026a6b8eb",
        "type": "github"
      },
      "original": {
        "owner": "nixos",
        "ref": "nixos-unstable",
        "repo": "nixpkgs",
        "type": "github"
      }
    },
    "root": {
      "inputs": {
        "fenix": "fenix",
        "home-manager": "home-manager",
        "nixpkgs": "nixpkgs"
      }
    },
    "rust-analyzer-src": {
      "flake": false,
      "locked": {
        "lastModified": 1700077026,
        "narHash": "sha256-Vf7ykubXsriSjBbeYAm8bzBIvSOYVUmRiCQ3iLL/E+U=",
        "owner": "rust-lang",
        "repo": "rust-analyzer",
        "rev": "58de0b130a763f3a2d373f508ac0c18a8e7d0acd",
        "type": "github"
      },
      "original": {
        "owner": "rust-lang",
        "ref": "nightly",
        "repo": "rust-analyzer",
        "type": "github"
      }
    }
  },
  "root": "root",
  "version": 7
}
